
Microsoft Visual Studio Solution File, Format Version 12.00
# Visual Studio Version 17
VisualStudioVersion = 17.4.33103.184
MinimumVisualStudioVersion = 10.0.40219.1
Project("{8BC9CEB8-8B4A-11D0-8D11-00A0C91BC942}") = "Creator", "Creator\Creator.vcxproj", "{87914416-B1D8-4B3A-A4C5-6CC07B3985B5}"
EndProject
Project("{8BC9CEB8-8B4A-11D0-8D11-00A0C91BC942}") = "Main", "Main\Main.vcxproj", "{90A9FB8D-A6ED-44F8-BD4D-C2DBC311E865}"
	ProjectSection(ProjectDependencies) = postProject
		{87914416-B1D8-4B3A-A4C5-6CC07B3985B5} = {87914416-B1D8-4B3A-A4C5-6CC07B3985B5}
		{E2820FAE-317A-46BC-8F05-F5ACC3C9B75B} = {E2820FAE-317A-46BC-8F05-F5ACC3C9B75B}
	EndProjectSection
EndProject
Project("{8BC9CEB8-8B4A-11D0-8D11-00A0C91BC942}") = "Reporter", "Reporter\Reporter.vcxproj", "{E2820FAE-317A-46BC-8F05-F5ACC3C9B75B}"
EndProject
Project("{8BC9CEB8-8B4A-11D0-8D11-00A0C91BC942}") = "Tests", "Tests\Tests.vcxproj", "{C28E906B-43A7-43DF-9AA2-5C9210BFD08F}"
EndProject
Project("{2150E333-8FDC-42A3-9474-1A3956D46DE8}") = "Элементы решения", "Элементы решения", "{250DA152-C9CD-4B76-95C2-CB9B570E51BE}"
	ProjectSection(SolutionItems) = preProject
		Common\Employee.h = Common\Employee.h
	EndProjectSection
EndProject
Global
	GlobalSection(SolutionConfigurationPlatforms) = preSolution
		Debug|x64 = Debug|x64
		Debug|x86 = Debug|x86
		Release|x64 = Release|x64
		Release|x86 = Release|x86
	EndGlobalSection
	GlobalSection(ProjectConfigurationPlatforms) = postSolution
		{87914416-B1D8-4B3A-A4C5-6CC07B3985B5}.Debug|x64.ActiveCfg = Debug|x64
		{87914416-B1D8-4B3A-A4C5-6CC07B3985B5}.Debug|x64.Build.0 = Debug|x64
		{87914416-B1D8-4B3A-A4C5-6CC07B3985B5}.Debug|x86.ActiveCfg = Debug|Win32
		{87914416-B1D8-4B3A-A4C5-6CC07B3985B5}.Debug|x86.Build.0 = Debug|Win32
		{87914416-B1D8-4B3A-A4C5-6CC07B3985B5}.Release|x64.ActiveCfg = Release|x64
		{87914416-B1D8-4B3A-A4C5-6CC07B3985B5}.Release|x64.Build.0 = Release|x64
		{87914416-B1D8-4B3A-A4C5-6CC07B3985B5}.Release|x86.ActiveCfg = Release|Win32
		{87914416-B1D8-4B3A-A4C5-6CC07B3985B5}.Release|x86.Build.0 = Release|Win32
		{90A9FB8D-A6ED-44F8-BD4D-C2DBC311E865}.Debug|x64.ActiveCfg = Debug|x64
		{90A9FB8D-A6ED-44F8-BD4D-C2DBC311E865}.Debug|x64.Build.0 = Debug|x64
		{90A9FB8D-A6ED-44F8-BD4D-C2DBC311E865}.Debug|x86.ActiveCfg = Debug|Win32
		{90A9FB8D-A6ED-44F8-BD4D-C2DBC311E865}.Debug|x86.Build.0 = Debug|Win32
		{90A9FB8D-A6ED-44F8-BD4D-C2DBC311E865}.Release|x64.ActiveCfg = Release|x64
		{90A9FB8D-A6ED-44F8-BD4D-C2DBC311E865}.Release|x64.Build.0 = Release|x64
		{90A9FB8D-A6ED-44F8-BD4D-C2DBC311E865}.Release|x86.ActiveCfg = Release|Win32
		{90A9FB8D-A6ED-44F8-BD4D-C2DBC311E865}.Release|x86.Build.0 = Release|Win32
		{E2820FAE-317A-46BC-8F05-F5ACC3C9B75B}.Debug|x64.ActiveCfg = Debug|x64
		{E2820FAE-317A-46BC-8F05-F5ACC3C9B75B}.Debug|x64.Build.0 = Debug|x64
		{E2820FAE-317A-46BC-8F05-F5ACC3C9B75B}.Debug|x86.ActiveCfg = Debug|Win32
		{E2820FAE-317A-46BC-8F05-F5ACC3C9B75B}.Debug|x86.Build.0 = Debug|Win32
		{E2820FAE-317A-46BC-8F05-F5ACC3C9B75B}.Release|x64.ActiveCfg = Release|x64
		{E2820FAE-317A-46BC-8F05-F5ACC3C9B75B}.Release|x64.Build.0 = Release|x64
		{E2820FAE-317A-46BC-8F05-F5ACC3C9B75B}.Release|x86.ActiveCfg = Release|Win32
		{E2820FAE-317A-46BC-8F05-F5ACC3C9B75B}.Release|x86.Build.0 = Release|Win32
		{C28E906B-43A7-43DF-9AA2-5C9210BFD08F}.Debug|x64.ActiveCfg = Debug|x64
		{C28E906B-43A7-43DF-9AA2-5C9210BFD08F}.Debug|x64.Build.0 = Debug|x64
		{C28E906B-43A7-43DF-9AA2-5C9210BFD08F}.Debug|x86.ActiveCfg = Debug|Win32
		{C28E906B-43A7-43DF-9AA2-5C9210BFD08F}.Debug|x86.Build.0 = Debug|Win32
		{C28E906B-43A7-43DF-9AA2-5C9210BFD08F}.Release|x64.ActiveCfg = Release|x64
		{C28E906B-43A7-43DF-9AA2-5C9210BFD08F}.Release|x64.Build.0 = Release|x64
		{C28E906B-43A7-43DF-9AA2-5C9210BFD08F}.Release|x86.ActiveCfg = Release|Win32
		{C28E906B-43A7-43DF-9AA2-5C9210BFD08F}.Release|x86.Build.0 = Release|Win32
	EndGlobalSection
	GlobalSection(SolutionProperties) = preSolution
		HideSolutionNode = FALSE
	EndGlobalSection
	GlobalSection(ExtensibilityGlobals) = postSolution
		SolutionGuid = {A30C5F62-5C56-4923-BA8C-8217D196E974}
	EndGlobalSection
EndGlobal
